
Microsoft Visual Studio Solution File, Format Version 12.00
# Visual Studio Version 16
VisualStudioVersion = 25.0.1705.0
MinimumVisualStudioVersion = 10.0.40219.1
Project("{FAE04EC0-301F-11D3-BF4B-00C04F79EFBC}") = "dotnetcore-sonar", "dotnetcore-sonar.csproj", "{08FF83ED-E3E2-45AE-BB7B-5A9E4673EFBE}"
EndProject
Global
	GlobalSection(SolutionConfigurationPlatforms) = preSolution
		Debug|Any CPU = Debug|Any CPU
		Release|Any CPU = Release|Any CPU
	EndGlobalSection
	GlobalSection(ProjectConfigurationPlatforms) = postSolution
		{08FF83ED-E3E2-45AE-BB7B-5A9E4673EFBE}.Debug|Any CPU.ActiveCfg = Debug|Any CPU
		{08FF83ED-E3E2-45AE-BB7B-5A9E4673EFBE}.Debug|Any CPU.Build.0 = Debug|Any CPU
		{08FF83ED-E3E2-45AE-BB7B-5A9E4673EFBE}.Release|Any CPU.ActiveCfg = Release|Any CPU
		{08FF83ED-E3E2-45AE-BB7B-5A9E4673EFBE}.Release|Any CPU.Build.0 = Release|Any CPU
	EndGlobalSection
	GlobalSection(SolutionProperties) = preSolution
		HideSolutionNode = FALSE
	EndGlobalSection
	GlobalSection(ExtensibilityGlobals) = postSolution
		SolutionGuid = {09EF56C3-9F1A-48BD-8FA0-5ED3401123EF}
	EndGlobalSection
EndGlobal
